<?xml version="1.0" encoding="utf-8"?>
<Project ToolsVersion="4.0" xmlns="http://schemas.microsoft.com/developer/msbuild/2003">
  <ItemGroup>
    <Filter Include="base">
      <UniqueIdentifier>{8038a441-f1ec-4aec-9143-dd104929d2d8}</UniqueIdentifier>
    </Filter>
    <Filter Include="net">
      <UniqueIdentifier>{69f1172a-45fd-40ef-912d-03a64dbccf78}</UniqueIdentifier>
    </Filter>
    <Filter Include="net\win">
      <UniqueIdentifier>{3d849948-bbf1-4b1b-9508-1202ea4cafbc}</UniqueIdentifier>
    </Filter>
    <Filter Include="test">
      <UniqueIdentifier>{00d7f189-7dad-40f0-9b11-a7900942954a}</UniqueIdentifier>
    </Filter>
    <Filter Include="net\linux">
      <UniqueIdentifier>{e2de0143-dda7-47a6-bd25-80d6780c4eee}</UniqueIdentifier>
    </Filter>
  </ItemGroup>
  <ItemGroup>
    <ClCompile Include="base\Buffer.cpp">
      <Filter>base</Filter>
    </ClCompile>
    <ClCompile Include="base\Log.cpp">
      <Filter>base</Filter>
    </ClCompile>
    <ClCompile Include="base\LoopBuffer.cpp">
      <Filter>base</Filter>
    </ClCompile>
    <ClCompile Include="base\TimeTool.cpp">
      <Filter>base</Filter>
    </ClCompile>
    <ClCompile Include="net\Timer.cpp">
      <Filter>net</Filter>
    </ClCompile>
    <ClCompile Include="net\win\AcceptSocket.cpp">
      <Filter>net\win</Filter>
    </ClCompile>
    <ClCompile Include="net\win\IOCP.cpp">
      <Filter>net\win</Filter>
    </ClCompile>
    <ClCompile Include="net\win\Socket.cpp">
      <Filter>net\win</Filter>
    </ClCompile>
    <ClCompile Include="net\win\SocketBase.cpp">
      <Filter>net\win</Filter>
    </ClCompile>
    <ClCompile Include="test\CppNet_client.cpp">
      <Filter>test</Filter>
    </ClCompile>
    <ClCompile Include="net\OSInfo.cpp">
      <Filter>net</Filter>
    </ClCompile>
    <ClCompile Include="net\linux\AcceptSocket.cpp">
      <Filter>net\linux</Filter>
    </ClCompile>
    <ClCompile Include="net\linux\CEpoll.cpp">
      <Filter>net\linux</Filter>
    </ClCompile>
    <ClCompile Include="net\linux\Socket.cpp">
      <Filter>net\linux</Filter>
    </ClCompile>
    <ClCompile Include="net\linux\SocketBase.cpp">
      <Filter>net\linux</Filter>
    </ClCompile>
    <ClCompile Include="base\MemaryPool.cpp">
      <Filter>base</Filter>
    </ClCompile>
  </ItemGroup>
  <ItemGroup>
    <ClInclude Include="base\Buffer.h">
      <Filter>base</Filter>
    </ClInclude>
    <ClInclude Include="base\Log.h">
      <Filter>base</Filter>
    </ClInclude>
    <ClInclude Include="base\LoopBuffer.h">
      <Filter>base</Filter>
    </ClInclude>
    <ClInclude Include="base\MemaryPool.h">
      <Filter>base</Filter>
    </ClInclude>
    <ClInclude Include="base\PoolSharedPtr.h">
      <Filter>base</Filter>
    </ClInclude>
    <ClInclude Include="base\Runnable.h">
      <Filter>base</Filter>
    </ClInclude>
    <ClInclude Include="base\RunnableAloneTaskList.h">
      <Filter>base</Filter>
    </ClInclude>
    <ClInclude Include="base\RunnableAloneTaskListWithPost.h">
      <Filter>base</Filter>
    </ClInclude>
    <ClInclude Include="base\RunnableShareTaskList.h">
      <Filter>base</Filter>
    </ClInclude>
    <ClInclude Include="base\Single.h">
      <Filter>base</Filter>
    </ClInclude>
    <ClInclude Include="base\TaskQueue.h">
      <Filter>base</Filter>
    </ClInclude>
    <ClInclude Include="base\TimeTool.h">
      <Filter>base</Filter>
    </ClInclude>
    <ClInclude Include="net\AcceptSocket.h">
      <Filter>net</Filter>
    </ClInclude>
    <ClInclude Include="net\EventActions.h">
      <Filter>net</Filter>
    </ClInclude>
    <ClInclude Include="net\EventHandler.h">
      <Filter>net</Filter>
    </ClInclude>
    <ClInclude Include="net\OSInfo.h">
      <Filter>net</Filter>
    </ClInclude>
    <ClInclude Include="net\Socket.h">
      <Filter>net</Filter>
    </ClInclude>
    <ClInclude Include="net\SocketBase.h">
      <Filter>net</Filter>
    </ClInclude>
    <ClInclude Include="net\Timer.h">
      <Filter>net</Filter>
    </ClInclude>
    <ClInclude Include="net\win\IOCP.h">
      <Filter>net\win</Filter>
    </ClInclude>
    <ClInclude Include="net\win\WinExpendFunc.h">
      <Filter>net\win</Filter>
    </ClInclude>
    <ClInclude Include="net\linux\CEpoll.h">
      <Filter>net\linux</Filter>
    </ClInclude>
    <ClInclude Include="net\linux\LinuxFunc.h">
      <Filter>net\linux</Filter>
    </ClInclude>
  </ItemGroup>
</Project>