
Microsoft Visual Studio Solution File, Format Version 12.00
# Visual Studio 15
VisualStudioVersion = 15.0.28307.705
MinimumVisualStudioVersion = 10.0.40219.1
Project("{8BC9CEB8-8B4A-11D0-8D11-00A0C91BC942}") = "CppNet", "CppNet.vcxproj", "{E98183C7-10C3-4B1A-B8FB-D60BB6217962}"
EndProject
Project("{8BC9CEB8-8B4A-11D0-8D11-00A0C91BC942}") = "CppNetSev", "CppNetSev\CppNetSev.vcxproj", "{6FE7E867-AD3A-4681-A0DA-2A5E0DB16887}"
	ProjectSection(ProjectDependencies) = postProject
		{E98183C7-10C3-4B1A-B8FB-D60BB6217962} = {E98183C7-10C3-4B1A-B8FB-D60BB6217962}
	EndProjectSection
EndProject
Project("{8BC9CEB8-8B4A-11D0-8D11-00A0C91BC942}") = "CppNetCli", "CppNetCli\CppNetCli.vcxproj", "{8C4CE7D6-9C74-4FEC-BEFC-EC99EA8A0D0A}"
EndProject
Project("{2150E333-8FDC-42A3-9474-1A3956D46DE8}") = "test", "test", "{76E82C5D-E3D2-4DA1-9F61-FB3D244C4BBC}"
EndProject
Project("{2150E333-8FDC-42A3-9474-1A3956D46DE8}") = "echo", "echo", "{2F87BAE1-DE01-410E-9DC2-34B5188D928F}"
EndProject
Project("{8BC9CEB8-8B4A-11D0-8D11-00A0C91BC942}") = "EchoClient", "test\echo\EchoClient.vcxproj", "{25B16872-AB29-4667-B345-04979B149DD7}"
EndProject
Project("{8BC9CEB8-8B4A-11D0-8D11-00A0C91BC942}") = "EchoServer", "test\echo\EchoServer.vcxproj", "{5C8EF7D1-E00B-43B7-8A49-38A68157ADC5}"
EndProject
Project("{2150E333-8FDC-42A3-9474-1A3956D46DE8}") = "http", "http", "{9A610A2A-2F46-4390-AB37-42589C3FA503}"
EndProject
Project("{8BC9CEB8-8B4A-11D0-8D11-00A0C91BC942}") = "http", "test\http\http.vcxproj", "{1C9F6CAE-56CD-4508-A3C0-0FC1A4A3DF72}"
EndProject
Global
	GlobalSection(SolutionConfigurationPlatforms) = preSolution
		Debug|x64 = Debug|x64
		Debug|x86 = Debug|x86
		Release|x64 = Release|x64
		Release|x86 = Release|x86
	EndGlobalSection
	GlobalSection(ProjectConfigurationPlatforms) = postSolution
		{E98183C7-10C3-4B1A-B8FB-D60BB6217962}.Debug|x64.ActiveCfg = Debug|x64
		{E98183C7-10C3-4B1A-B8FB-D60BB6217962}.Debug|x64.Build.0 = Debug|x64
		{E98183C7-10C3-4B1A-B8FB-D60BB6217962}.Debug|x86.ActiveCfg = Debug|Win32
		{E98183C7-10C3-4B1A-B8FB-D60BB6217962}.Debug|x86.Build.0 = Debug|Win32
		{E98183C7-10C3-4B1A-B8FB-D60BB6217962}.Release|x64.ActiveCfg = Release|x64
		{E98183C7-10C3-4B1A-B8FB-D60BB6217962}.Release|x64.Build.0 = Release|x64
		{E98183C7-10C3-4B1A-B8FB-D60BB6217962}.Release|x86.ActiveCfg = Release|Win32
		{E98183C7-10C3-4B1A-B8FB-D60BB6217962}.Release|x86.Build.0 = Release|Win32
		{6FE7E867-AD3A-4681-A0DA-2A5E0DB16887}.Debug|x64.ActiveCfg = Debug|x64
		{6FE7E867-AD3A-4681-A0DA-2A5E0DB16887}.Debug|x64.Build.0 = Debug|x64
		{6FE7E867-AD3A-4681-A0DA-2A5E0DB16887}.Debug|x86.ActiveCfg = Debug|Win32
		{6FE7E867-AD3A-4681-A0DA-2A5E0DB16887}.Debug|x86.Build.0 = Debug|Win32
		{6FE7E867-AD3A-4681-A0DA-2A5E0DB16887}.Release|x64.ActiveCfg = Release|x64
		{6FE7E867-AD3A-4681-A0DA-2A5E0DB16887}.Release|x64.Build.0 = Release|x64
		{6FE7E867-AD3A-4681-A0DA-2A5E0DB16887}.Release|x86.ActiveCfg = Release|Win32
		{6FE7E867-AD3A-4681-A0DA-2A5E0DB16887}.Release|x86.Build.0 = Release|Win32
		{8C4CE7D6-9C74-4FEC-BEFC-EC99EA8A0D0A}.Debug|x64.ActiveCfg = Debug|x64
		{8C4CE7D6-9C74-4FEC-BEFC-EC99EA8A0D0A}.Debug|x64.Build.0 = Debug|x64
		{8C4CE7D6-9C74-4FEC-BEFC-EC99EA8A0D0A}.Debug|x86.ActiveCfg = Debug|Win32
		{8C4CE7D6-9C74-4FEC-BEFC-EC99EA8A0D0A}.Debug|x86.Build.0 = Debug|Win32
		{8C4CE7D6-9C74-4FEC-BEFC-EC99EA8A0D0A}.Release|x64.ActiveCfg = Release|x64
		{8C4CE7D6-9C74-4FEC-BEFC-EC99EA8A0D0A}.Release|x64.Build.0 = Release|x64
		{8C4CE7D6-9C74-4FEC-BEFC-EC99EA8A0D0A}.Release|x86.ActiveCfg = Release|Win32
		{8C4CE7D6-9C74-4FEC-BEFC-EC99EA8A0D0A}.Release|x86.Build.0 = Release|Win32
		{25B16872-AB29-4667-B345-04979B149DD7}.Debug|x64.ActiveCfg = Debug|x64
		{25B16872-AB29-4667-B345-04979B149DD7}.Debug|x64.Build.0 = Debug|x64
		{25B16872-AB29-4667-B345-04979B149DD7}.Debug|x86.ActiveCfg = Debug|Win32
		{25B16872-AB29-4667-B345-04979B149DD7}.Debug|x86.Build.0 = Debug|Win32
		{25B16872-AB29-4667-B345-04979B149DD7}.Release|x64.ActiveCfg = Release|x64
		{25B16872-AB29-4667-B345-04979B149DD7}.Release|x64.Build.0 = Release|x64
		{25B16872-AB29-4667-B345-04979B149DD7}.Release|x86.ActiveCfg = Release|Win32
		{25B16872-AB29-4667-B345-04979B149DD7}.Release|x86.Build.0 = Release|Win32
		{5C8EF7D1-E00B-43B7-8A49-38A68157ADC5}.Debug|x64.ActiveCfg = Debug|x64
		{5C8EF7D1-E00B-43B7-8A49-38A68157ADC5}.Debug|x64.Build.0 = Debug|x64
		{5C8EF7D1-E00B-43B7-8A49-38A68157ADC5}.Debug|x86.ActiveCfg = Debug|Win32
		{5C8EF7D1-E00B-43B7-8A49-38A68157ADC5}.Debug|x86.Build.0 = Debug|Win32
		{5C8EF7D1-E00B-43B7-8A49-38A68157ADC5}.Release|x64.ActiveCfg = Release|x64
		{5C8EF7D1-E00B-43B7-8A49-38A68157ADC5}.Release|x64.Build.0 = Release|x64
		{5C8EF7D1-E00B-43B7-8A49-38A68157ADC5}.Release|x86.ActiveCfg = Release|Win32
		{5C8EF7D1-E00B-43B7-8A49-38A68157ADC5}.Release|x86.Build.0 = Release|Win32
		{1C9F6CAE-56CD-4508-A3C0-0FC1A4A3DF72}.Debug|x64.ActiveCfg = Debug|x64
		{1C9F6CAE-56CD-4508-A3C0-0FC1A4A3DF72}.Debug|x64.Build.0 = Debug|x64
		{1C9F6CAE-56CD-4508-A3C0-0FC1A4A3DF72}.Debug|x86.ActiveCfg = Debug|Win32
		{1C9F6CAE-56CD-4508-A3C0-0FC1A4A3DF72}.Debug|x86.Build.0 = Debug|Win32
		{1C9F6CAE-56CD-4508-A3C0-0FC1A4A3DF72}.Release|x64.ActiveCfg = Release|x64
		{1C9F6CAE-56CD-4508-A3C0-0FC1A4A3DF72}.Release|x64.Build.0 = Release|x64
		{1C9F6CAE-56CD-4508-A3C0-0FC1A4A3DF72}.Release|x86.ActiveCfg = Release|Win32
		{1C9F6CAE-56CD-4508-A3C0-0FC1A4A3DF72}.Release|x86.Build.0 = Release|Win32
	EndGlobalSection
	GlobalSection(SolutionProperties) = preSolution
		HideSolutionNode = FALSE
	EndGlobalSection
	GlobalSection(NestedProjects) = preSolution
		{2F87BAE1-DE01-410E-9DC2-34B5188D928F} = {76E82C5D-E3D2-4DA1-9F61-FB3D244C4BBC}
		{25B16872-AB29-4667-B345-04979B149DD7} = {2F87BAE1-DE01-410E-9DC2-34B5188D928F}
		{5C8EF7D1-E00B-43B7-8A49-38A68157ADC5} = {2F87BAE1-DE01-410E-9DC2-34B5188D928F}
		{9A610A2A-2F46-4390-AB37-42589C3FA503} = {76E82C5D-E3D2-4DA1-9F61-FB3D244C4BBC}
		{1C9F6CAE-56CD-4508-A3C0-0FC1A4A3DF72} = {9A610A2A-2F46-4390-AB37-42589C3FA503}
	EndGlobalSection
	GlobalSection(ExtensibilityGlobals) = postSolution
		SolutionGuid = {8F945FF5-0662-454F-9E54-7CB45BABF6D6}
	EndGlobalSection
EndGlobal
