<?xml version="1.0" encoding="utf-8"?>
<Project ToolsVersion="4.0" xmlns="http://schemas.microsoft.com/developer/msbuild/2003">
  <ItemGroup>
    <Filter Include="base">
      <UniqueIdentifier>{b690a62c-604b-49ac-8547-0f7dfebfbb05}</UniqueIdentifier>
    </Filter>
    <Filter Include="net">
      <UniqueIdentifier>{d0b899ae-a8d4-4808-a5ee-64822497b537}</UniqueIdentifier>
    </Filter>
    <Filter Include="net\win">
      <UniqueIdentifier>{e68d38ab-7e33-4061-b30f-d8d452c83950}</UniqueIdentifier>
    </Filter>
    <Filter Include="net\linux">
      <UniqueIdentifier>{3619e14b-ac00-4eac-8d85-aeb35c29e7d8}</UniqueIdentifier>
    </Filter>
    <Filter Include="include">
      <UniqueIdentifier>{626d3ede-1715-4aaa-8e62-b6b629ea490b}</UniqueIdentifier>
    </Filter>
  </ItemGroup>
  <ItemGroup>
    <ClCompile Include="base\Buffer.cpp">
      <Filter>base</Filter>
    </ClCompile>
    <ClCompile Include="base\Log.cpp">
      <Filter>base</Filter>
    </ClCompile>
    <ClCompile Include="base\LoopBuffer.cpp">
      <Filter>base</Filter>
    </ClCompile>
    <ClCompile Include="base\MemaryPool.cpp">
      <Filter>base</Filter>
    </ClCompile>
    <ClCompile Include="base\TimeTool.cpp">
      <Filter>base</Filter>
    </ClCompile>
    <ClCompile Include="net\win\AcceptSocket.cpp">
      <Filter>net\win</Filter>
    </ClCompile>
    <ClCompile Include="net\win\IOCP.cpp">
      <Filter>net\win</Filter>
    </ClCompile>
    <ClCompile Include="net\win\SocketBase.cpp">
      <Filter>net\win</Filter>
    </ClCompile>
    <ClCompile Include="net\Timer.cpp">
      <Filter>net</Filter>
    </ClCompile>
    <ClCompile Include="net\OSInfo.cpp">
      <Filter>net</Filter>
    </ClCompile>
    <ClCompile Include="base\Config.cpp">
      <Filter>base</Filter>
    </ClCompile>
    <ClCompile Include="net\CppNetImpl.cpp">
      <Filter>net</Filter>
    </ClCompile>
    <ClCompile Include="net\CppNet.cpp">
      <Filter>net</Filter>
    </ClCompile>
    <ClCompile Include="net\Socket.cpp">
      <Filter>net</Filter>
    </ClCompile>
    <ClCompile Include="net\win\SocketImpl.cpp">
      <Filter>net\win</Filter>
    </ClCompile>
    <ClCompile Include="base\BlockMemoryPool.cpp">
      <Filter>base</Filter>
    </ClCompile>
  </ItemGroup>
  <ItemGroup>
    <ClInclude Include="base\Buffer.h">
      <Filter>base</Filter>
    </ClInclude>
    <ClInclude Include="base\Log.h">
      <Filter>base</Filter>
    </ClInclude>
    <ClInclude Include="base\LoopBuffer.h">
      <Filter>base</Filter>
    </ClInclude>
    <ClInclude Include="base\MemaryPool.h">
      <Filter>base</Filter>
    </ClInclude>
    <ClInclude Include="base\PoolSharedPtr.h">
      <Filter>base</Filter>
    </ClInclude>
    <ClInclude Include="base\Runnable.h">
      <Filter>base</Filter>
    </ClInclude>
    <ClInclude Include="base\RunnableAloneTaskList.h">
      <Filter>base</Filter>
    </ClInclude>
    <ClInclude Include="base\RunnableAloneTaskListWithPost.h">
      <Filter>base</Filter>
    </ClInclude>
    <ClInclude Include="base\RunnableShareTaskList.h">
      <Filter>base</Filter>
    </ClInclude>
    <ClInclude Include="base\Single.h">
      <Filter>base</Filter>
    </ClInclude>
    <ClInclude Include="base\TaskQueue.h">
      <Filter>base</Filter>
    </ClInclude>
    <ClInclude Include="base\TimeTool.h">
      <Filter>base</Filter>
    </ClInclude>
    <ClInclude Include="net\win\IOCP.h">
      <Filter>net\win</Filter>
    </ClInclude>
    <ClInclude Include="net\win\WinExpendFunc.h">
      <Filter>net\win</Filter>
    </ClInclude>
    <ClInclude Include="net\AcceptSocket.h">
      <Filter>net</Filter>
    </ClInclude>
    <ClInclude Include="net\EventActions.h">
      <Filter>net</Filter>
    </ClInclude>
    <ClInclude Include="net\EventHandler.h">
      <Filter>net</Filter>
    </ClInclude>
    <ClInclude Include="net\OSInfo.h">
      <Filter>net</Filter>
    </ClInclude>
    <ClInclude Include="net\SocketBase.h">
      <Filter>net</Filter>
    </ClInclude>
    <ClInclude Include="net\Timer.h">
      <Filter>net</Filter>
    </ClInclude>
    <ClInclude Include="net\linux\CEpoll.h">
      <Filter>net\linux</Filter>
    </ClInclude>
    <ClInclude Include="net\linux\LinuxFunc.h">
      <Filter>net\linux</Filter>
    </ClInclude>
    <ClInclude Include="base\Any.h">
      <Filter>base</Filter>
    </ClInclude>
    <ClInclude Include="base\TSQueue.h">
      <Filter>base</Filter>
    </ClInclude>
    <ClInclude Include="base\Config.h">
      <Filter>base</Filter>
    </ClInclude>
    <ClInclude Include="net\CppNetImpl.h">
      <Filter>net</Filter>
    </ClInclude>
    <ClInclude Include="include\CppNet.h">
      <Filter>include</Filter>
    </ClInclude>
    <ClInclude Include="include\CppDefine.h">
      <Filter>include</Filter>
    </ClInclude>
    <ClInclude Include="include\Socket.h">
      <Filter>include</Filter>
    </ClInclude>
    <ClInclude Include="include\Type.h">
      <Filter>include</Filter>
    </ClInclude>
    <ClInclude Include="net\SocketImpl.h">
      <Filter>net</Filter>
    </ClInclude>
    <ClInclude Include="base\BlockMemaryPool.h">
      <Filter>base</Filter>
    </ClInclude>
  </ItemGroup>
  <ItemGroup>
    <None Include="net\linux\CEpoll.cpp">
      <Filter>net\linux</Filter>
    </None>
    <None Include="net\linux\AcceptSocket.cpp">
      <Filter>net\linux</Filter>
    </None>
    <None Include="net\linux\LinuxFunc.cpp">
      <Filter>net\linux</Filter>
    </None>
    <None Include="net\linux\SocketBase.cpp">
      <Filter>net\linux</Filter>
    </None>
    <None Include="net\linux\SocketImpl.cpp">
      <Filter>net\linux</Filter>
    </None>
  </ItemGroup>
</Project>