<?xml version="1.0" encoding="utf-8"?>
<Project ToolsVersion="4.0" xmlns="http://schemas.microsoft.com/developer/msbuild/2003">
  <ItemGroup>
    <Filter Include="include">
      <UniqueIdentifier>{626d3ede-1715-4aaa-8e62-b6b629ea490b}</UniqueIdentifier>
    </Filter>
    <Filter Include="common">
      <UniqueIdentifier>{144e50f1-c31c-4e00-8ad8-680781d16db2}</UniqueIdentifier>
    </Filter>
    <Filter Include="common\alloter">
      <UniqueIdentifier>{204333be-eb41-4a14-adf4-6b765829a40d}</UniqueIdentifier>
    </Filter>
    <Filter Include="common\buffer">
      <UniqueIdentifier>{b34126ae-d3eb-4d6e-95a3-3e288813bce7}</UniqueIdentifier>
    </Filter>
    <Filter Include="common\log">
      <UniqueIdentifier>{a554d1f0-a323-4ce8-b5e5-158d54046d24}</UniqueIdentifier>
    </Filter>
    <Filter Include="common\network">
      <UniqueIdentifier>{bc50d003-b0c0-4c2e-9dde-898d3de6ee86}</UniqueIdentifier>
    </Filter>
    <Filter Include="common\os">
      <UniqueIdentifier>{ecc2f375-b76f-4125-9465-3f1043fc5470}</UniqueIdentifier>
    </Filter>
    <Filter Include="common\os\win">
      <UniqueIdentifier>{282a1e7e-a529-459c-bc3c-72e32ae913e5}</UniqueIdentifier>
    </Filter>
    <Filter Include="common\structure">
      <UniqueIdentifier>{325758b0-fcee-4ced-b877-e981c5618bae}</UniqueIdentifier>
    </Filter>
    <Filter Include="common\thread">
      <UniqueIdentifier>{2ca51fbd-fbbc-4bb4-ba04-ac6cac0e9a9d}</UniqueIdentifier>
    </Filter>
    <Filter Include="common\timer">
      <UniqueIdentifier>{51e83188-f190-490b-afd3-b86c57e28890}</UniqueIdentifier>
    </Filter>
    <Filter Include="common\util">
      <UniqueIdentifier>{1b765bc0-3da6-43a1-8b98-909c5fd28237}</UniqueIdentifier>
    </Filter>
    <Filter Include="cppnet">
      <UniqueIdentifier>{3075f8af-e0a9-4212-88f6-b21ba50b7784}</UniqueIdentifier>
    </Filter>
    <Filter Include="cppnet\socket">
      <UniqueIdentifier>{620901fb-6d00-45d3-a5a1-1ce30da805fb}</UniqueIdentifier>
    </Filter>
    <Filter Include="cppnet\event">
      <UniqueIdentifier>{ea04e906-9556-4346-9ed2-40ae19f6ede3}</UniqueIdentifier>
    </Filter>
    <Filter Include="common\network\win">
      <UniqueIdentifier>{75988d4c-ae9d-4a95-8f7a-87fa3268a3be}</UniqueIdentifier>
    </Filter>
    <Filter Include="cppnet\event\epoll">
      <UniqueIdentifier>{80edc4cc-d262-4ae6-9ef1-917471b6d26d}</UniqueIdentifier>
    </Filter>
    <Filter Include="cppnet\event\epoll\wepoll">
      <UniqueIdentifier>{01f24cd1-baff-401e-a739-9d41d1035612}</UniqueIdentifier>
    </Filter>
  </ItemGroup>
  <ItemGroup>
    <ClInclude Include="include\cppnet.h">
      <Filter>include</Filter>
    </ClInclude>
    <ClInclude Include="include\cppnet_socket.h">
      <Filter>include</Filter>
    </ClInclude>
    <ClInclude Include="include\cppnet_type.h">
      <Filter>include</Filter>
    </ClInclude>
    <ClInclude Include="common\alloter\alloter_interface.h">
      <Filter>common\alloter</Filter>
    </ClInclude>
    <ClInclude Include="common\alloter\normal_alloter.h">
      <Filter>common\alloter</Filter>
    </ClInclude>
    <ClInclude Include="common\alloter\pool_alloter.h">
      <Filter>common\alloter</Filter>
    </ClInclude>
    <ClInclude Include="common\alloter\pool_block.h">
      <Filter>common\alloter</Filter>
    </ClInclude>
    <ClInclude Include="common\buffer\buffer_block.h">
      <Filter>common\buffer</Filter>
    </ClInclude>
    <ClInclude Include="common\buffer\buffer_interface.h">
      <Filter>common\buffer</Filter>
    </ClInclude>
    <ClInclude Include="common\buffer\buffer_queue.h">
      <Filter>common\buffer</Filter>
    </ClInclude>
    <ClInclude Include="common\log\base_logger.h">
      <Filter>common\log</Filter>
    </ClInclude>
    <ClInclude Include="common\log\file_logger.h">
      <Filter>common\log</Filter>
    </ClInclude>
    <ClInclude Include="common\log\log.h">
      <Filter>common\log</Filter>
    </ClInclude>
    <ClInclude Include="common\log\logger_interface.h">
      <Filter>common\log</Filter>
    </ClInclude>
    <ClInclude Include="common\log\stdout_logger.h">
      <Filter>common\log</Filter>
    </ClInclude>
    <ClInclude Include="common\network\address.h">
      <Filter>common\network</Filter>
    </ClInclude>
    <ClInclude Include="common\network\io_handle.h">
      <Filter>common\network</Filter>
    </ClInclude>
    <ClInclude Include="common\network\socket.h">
      <Filter>common\network</Filter>
    </ClInclude>
    <ClInclude Include="common\os\convert.h">
      <Filter>common\os</Filter>
    </ClInclude>
    <ClInclude Include="common\os\os_info.h">
      <Filter>common\os</Filter>
    </ClInclude>
    <ClInclude Include="common\structure\list.h">
      <Filter>common\structure</Filter>
    </ClInclude>
    <ClInclude Include="common\structure\list_slot.h">
      <Filter>common\structure</Filter>
    </ClInclude>
    <ClInclude Include="common\structure\thread_safe_block_queue.h">
      <Filter>common\structure</Filter>
    </ClInclude>
    <ClInclude Include="common\structure\thread_safe_queue.h">
      <Filter>common\structure</Filter>
    </ClInclude>
    <ClInclude Include="common\thread\thread.h">
      <Filter>common\thread</Filter>
    </ClInclude>
    <ClInclude Include="common\thread\thread_with_queue.h">
      <Filter>common\thread</Filter>
    </ClInclude>
    <ClInclude Include="common\timer\timer.h">
      <Filter>common\timer</Filter>
    </ClInclude>
    <ClInclude Include="common\timer\timer_1ms.h">
      <Filter>common\timer</Filter>
    </ClInclude>
    <ClInclude Include="common\timer\timer_container.h">
      <Filter>common\timer</Filter>
    </ClInclude>
    <ClInclude Include="common\timer\timer_interface.h">
      <Filter>common\timer</Filter>
    </ClInclude>
    <ClInclude Include="common\timer\timer_slot.h">
      <Filter>common\timer</Filter>
    </ClInclude>
    <ClInclude Include="common\util\any.h">
      <Filter>common\util</Filter>
    </ClInclude>
    <ClInclude Include="common\util\bitmap.h">
      <Filter>common\util</Filter>
    </ClInclude>
    <ClInclude Include="common\util\config.h">
      <Filter>common\util</Filter>
    </ClInclude>
    <ClInclude Include="common\util\os_return.h">
      <Filter>common\util</Filter>
    </ClInclude>
    <ClInclude Include="common\util\random.h">
      <Filter>common\util</Filter>
    </ClInclude>
    <ClInclude Include="common\util\singleton.h">
      <Filter>common\util</Filter>
    </ClInclude>
    <ClInclude Include="common\util\time.h">
      <Filter>common\util</Filter>
    </ClInclude>
    <ClInclude Include="cppnet\cppnet_base.h">
      <Filter>cppnet</Filter>
    </ClInclude>
    <ClInclude Include="cppnet\cppnet_config.h">
      <Filter>cppnet</Filter>
    </ClInclude>
    <ClInclude Include="cppnet\dispatcher.h">
      <Filter>cppnet</Filter>
    </ClInclude>
    <ClInclude Include="cppnet\socket\connect_socket.h">
      <Filter>cppnet\socket</Filter>
    </ClInclude>
    <ClInclude Include="cppnet\socket\rw_socket.h">
      <Filter>cppnet\socket</Filter>
    </ClInclude>
    <ClInclude Include="cppnet\socket\socket_interface.h">
      <Filter>cppnet\socket</Filter>
    </ClInclude>
    <ClInclude Include="cppnet\event\action_interface.h">
      <Filter>cppnet\event</Filter>
    </ClInclude>
    <ClInclude Include="cppnet\event\event_interface.h">
      <Filter>cppnet\event</Filter>
    </ClInclude>
    <ClInclude Include="cppnet\event\timer_event.h">
      <Filter>cppnet\event</Filter>
    </ClInclude>
    <ClInclude Include="common\log\log_stream.h">
      <Filter>common\log</Filter>
    </ClInclude>
    <ClInclude Include="include\cppnet_buffer.h">
      <Filter>include</Filter>
    </ClInclude>
    <ClInclude Include="cppnet\event\epoll\wepoll\wepoll.h">
      <Filter>cppnet\event\epoll\wepoll</Filter>
    </ClInclude>
    <ClInclude Include="cppnet\event\epoll\epoll_action.h">
      <Filter>cppnet\event\epoll</Filter>
    </ClInclude>
    <ClInclude Include="common\timer\timer.h">
      <Filter>common\timer</Filter>
    </ClInclude>
    <ClInclude Include="common\timer\timer_container.h">
      <Filter>common\timer</Filter>
    </ClInclude>
    <ClInclude Include="common\timer\timer_interface.h">
      <Filter>common\timer</Filter>
    </ClInclude>
    <ClInclude Include="common\timer\timer_solt.h">
      <Filter>common\timer</Filter>
    </ClInclude>
  </ItemGroup>
  <ItemGroup>
    <ClCompile Include="common\alloter\normal_alloter.cpp">
      <Filter>common\alloter</Filter>
    </ClCompile>
    <ClCompile Include="common\alloter\pool_alloter.cpp">
      <Filter>common\alloter</Filter>
    </ClCompile>
    <ClCompile Include="common\alloter\pool_block.cpp">
      <Filter>common\alloter</Filter>
    </ClCompile>
    <ClCompile Include="common\buffer\buffer_block.cpp">
      <Filter>common\buffer</Filter>
    </ClCompile>
    <ClCompile Include="common\buffer\buffer_queue.cpp">
      <Filter>common\buffer</Filter>
    </ClCompile>
    <ClCompile Include="common\log\base_logger.cpp">
      <Filter>common\log</Filter>
    </ClCompile>
    <ClCompile Include="common\log\file_logger.cpp">
      <Filter>common\log</Filter>
    </ClCompile>
    <ClCompile Include="common\log\log.cpp">
      <Filter>common\log</Filter>
    </ClCompile>
    <ClCompile Include="common\log\stdout_logger.cpp">
      <Filter>common\log</Filter>
    </ClCompile>
    <ClCompile Include="common\network\address.cpp">
      <Filter>common\network</Filter>
    </ClCompile>
    <ClCompile Include="common\os\os_info.cpp">
      <Filter>common\os</Filter>
    </ClCompile>
    <ClCompile Include="common\os\win\convert.cpp">
      <Filter>common\os\win</Filter>
    </ClCompile>
    <ClCompile Include="common\timer\timer.cpp">
      <Filter>common\timer</Filter>
    </ClCompile>
    <ClCompile Include="common\timer\timer_1ms.cpp">
      <Filter>common\timer</Filter>
    </ClCompile>
    <ClCompile Include="common\timer\timer_container.cpp">
      <Filter>common\timer</Filter>
    </ClCompile>
    <ClCompile Include="common\timer\timer_slot.cpp">
      <Filter>common\timer</Filter>
    </ClCompile>
    <ClCompile Include="common\util\bitmap.cpp">
      <Filter>common\util</Filter>
    </ClCompile>
    <ClCompile Include="common\util\config.cpp">
      <Filter>common\util</Filter>
    </ClCompile>
    <ClCompile Include="common\util\random.cpp">
      <Filter>common\util</Filter>
    </ClCompile>
    <ClCompile Include="common\util\time.cpp">
      <Filter>common\util</Filter>
    </ClCompile>
    <ClCompile Include="cppnet\cppnet.cpp">
      <Filter>cppnet</Filter>
    </ClCompile>
    <ClCompile Include="cppnet\cppnet_base.cpp">
      <Filter>cppnet</Filter>
    </ClCompile>
    <ClCompile Include="cppnet\dispatcher.cpp">
      <Filter>cppnet</Filter>
    </ClCompile>
    <ClCompile Include="cppnet\socket\connect_socket.cpp">
      <Filter>cppnet\socket</Filter>
    </ClCompile>
    <ClCompile Include="cppnet\socket\rw_socket.cpp">
      <Filter>cppnet\socket</Filter>
    </ClCompile>
    <ClCompile Include="cppnet\socket\socket_interface.cpp">
      <Filter>cppnet\socket</Filter>
    </ClCompile>
    <ClCompile Include="cppnet\event\timer_event.cpp">
      <Filter>cppnet\event</Filter>
    </ClCompile>
    <ClCompile Include="common\network\win\io_handle.cpp">
      <Filter>common\network\win</Filter>
    </ClCompile>
    <ClCompile Include="common\network\win\socket.cpp">
      <Filter>common\network\win</Filter>
    </ClCompile>
    <ClCompile Include="cppnet\event\event_interface.cpp">
      <Filter>cppnet\event</Filter>
    </ClCompile>
    <ClCompile Include="common\log\log_stream.cpp">
      <Filter>common\log</Filter>
    </ClCompile>
    <ClCompile Include="cppnet\event\epoll\wepoll\wepoll.c">
      <Filter>cppnet\event\epoll\wepoll</Filter>
    </ClCompile>
    <ClCompile Include="cppnet\event\epoll\epoll_action.cpp">
      <Filter>cppnet\event\epoll</Filter>
    </ClCompile>
    <ClCompile Include="common\timer\timer.cpp">
      <Filter>common\timer</Filter>
    </ClCompile>
    <ClCompile Include="common\timer\timer_container.cpp">
      <Filter>common\timer</Filter>
    </ClCompile>
    <ClCompile Include="common\timer\timer_solt.cpp">
      <Filter>common\timer</Filter>
    </ClCompile>
  </ItemGroup>
</Project>