<?xml version="1.0" encoding="utf-8"?>
<Project ToolsVersion="4.0" xmlns="http://schemas.microsoft.com/developer/msbuild/2003">
  <ItemGroup>
    <Filter Include="base">
      <UniqueIdentifier>{fa8fc09d-10bf-4850-883d-8dd3da5f8196}</UniqueIdentifier>
    </Filter>
    <Filter Include="net">
      <UniqueIdentifier>{65a9ffe9-f946-4a5f-bb6a-ae0186c5c9ca}</UniqueIdentifier>
    </Filter>
    <Filter Include="net\linux">
      <UniqueIdentifier>{3bb0576a-5f98-4537-ae79-05c8686a3fc5}</UniqueIdentifier>
    </Filter>
    <Filter Include="test">
      <UniqueIdentifier>{5d58e182-dec9-4ea9-87c0-f2af8bfe9fc6}</UniqueIdentifier>
    </Filter>
  </ItemGroup>
  <ItemGroup>
    <ClCompile Include="base\Buffer.cpp">
      <Filter>base</Filter>
    </ClCompile>
    <ClCompile Include="base\Log.cpp">
      <Filter>base</Filter>
    </ClCompile>
    <ClCompile Include="base\LoopBuffer.cpp">
      <Filter>base</Filter>
    </ClCompile>
    <ClCompile Include="base\MemaryPool.cpp">
      <Filter>base</Filter>
    </ClCompile>
    <ClCompile Include="base\TimeTool.cpp">
      <Filter>base</Filter>
    </ClCompile>
    <ClCompile Include="net\OSInfo.cpp">
      <Filter>net</Filter>
    </ClCompile>
    <ClCompile Include="net\Timer.cpp">
      <Filter>net</Filter>
    </ClCompile>
    <ClCompile Include="net\linux\AcceptSocket.cpp">
      <Filter>net\linux</Filter>
    </ClCompile>
    <ClCompile Include="net\linux\CEpoll.cpp">
      <Filter>net\linux</Filter>
    </ClCompile>
    <ClCompile Include="net\linux\Socket.cpp">
      <Filter>net\linux</Filter>
    </ClCompile>
    <ClCompile Include="net\linux\SocketBase.cpp">
      <Filter>net\linux</Filter>
    </ClCompile>
    <ClCompile Include="test\CppNet.cpp">
      <Filter>test</Filter>
    </ClCompile>
    <ClCompile Include="base\LinuxFunc.cpp">
      <Filter>net\linux</Filter>
    </ClCompile>
  </ItemGroup>
  <ItemGroup>
    <ClInclude Include="base\Buffer.h">
      <Filter>base</Filter>
    </ClInclude>
    <ClInclude Include="base\Log.h">
      <Filter>base</Filter>
    </ClInclude>
    <ClInclude Include="base\LoopBuffer.h">
      <Filter>base</Filter>
    </ClInclude>
    <ClInclude Include="base\MemaryPool.h">
      <Filter>base</Filter>
    </ClInclude>
    <ClInclude Include="base\PoolSharedPtr.h">
      <Filter>base</Filter>
    </ClInclude>
    <ClInclude Include="base\Runnable.h">
      <Filter>base</Filter>
    </ClInclude>
    <ClInclude Include="base\RunnableAloneTaskList.h">
      <Filter>base</Filter>
    </ClInclude>
    <ClInclude Include="base\RunnableAloneTaskListWithPost.h">
      <Filter>base</Filter>
    </ClInclude>
    <ClInclude Include="base\RunnableShareTaskList.h">
      <Filter>base</Filter>
    </ClInclude>
    <ClInclude Include="base\Single.h">
      <Filter>base</Filter>
    </ClInclude>
    <ClInclude Include="base\TaskQueue.h">
      <Filter>base</Filter>
    </ClInclude>
    <ClInclude Include="base\TimeTool.h">
      <Filter>base</Filter>
    </ClInclude>
    <ClInclude Include="net\AcceptSocket.h">
      <Filter>net</Filter>
    </ClInclude>
    <ClInclude Include="net\EventActions.h">
      <Filter>net</Filter>
    </ClInclude>
    <ClInclude Include="net\EventHandler.h">
      <Filter>net</Filter>
    </ClInclude>
    <ClInclude Include="net\OSInfo.h">
      <Filter>net</Filter>
    </ClInclude>
    <ClInclude Include="net\Socket.h">
      <Filter>net</Filter>
    </ClInclude>
    <ClInclude Include="net\SocketBase.h">
      <Filter>net</Filter>
    </ClInclude>
    <ClInclude Include="net\Timer.h">
      <Filter>net</Filter>
    </ClInclude>
    <ClInclude Include="net\linux\CEpoll.h">
      <Filter>net\linux</Filter>
    </ClInclude>
    <ClInclude Include="net\linux\LinuxFunc.h">
      <Filter>net\linux</Filter>
    </ClInclude>
  </ItemGroup>
</Project>